
Microsoft Visual Studio Solution File, Format Version 12.00
# Visual Studio 2012
Project("{8BC9CEB8-8B4A-11D0-8D11-00A0C91BC942}") = "ConsoleApplication2(13-04-18)", "ConsoleApplication2(13-04-18)\ConsoleApplication2(13-04-18).vcxproj", "{F77276EA-F726-40C1-A336-2AB1D9CDA07B}"
EndProject
Global
	GlobalSection(SolutionConfigurationPlatforms) = preSolution
		Debug|Win32 = Debug|Win32
		Release|Win32 = Release|Win32
	EndGlobalSection
	GlobalSection(ProjectConfigurationPlatforms) = postSolution
		{F77276EA-F726-40C1-A336-2AB1D9CDA07B}.Debug|Win32.ActiveCfg = Debug|Win32
		{F77276EA-F726-40C1-A336-2AB1D9CDA07B}.Debug|Win32.Build.0 = Debug|Win32
		{F77276EA-F726-40C1-A336-2AB1D9CDA07B}.Release|Win32.ActiveCfg = Release|Win32
		{F77276EA-F726-40C1-A336-2AB1D9CDA07B}.Release|Win32.Build.0 = Release|Win32
	EndGlobalSection
	GlobalSection(SolutionProperties) = preSolution
		HideSolutionNode = FALSE
	EndGlobalSection
EndGlobal
